
Microsoft Visual Studio Solution File, Format Version 12.00
# Visual Studio 15
Project("{FAE04EC0-301F-11D3-BF4B-00C04F79EFBC}") = "West.Android", "West.Android\West.Android.csproj", "{68579B94-4B9F-4AD8-A37B-F062856D11F8}"
EndProject
Project("{FAE04EC0-301F-11D3-BF4B-00C04F79EFBC}") = "West.iOS", "West.iOS\West.iOS.csproj", "{EF2BDC2E-DB1D-4C01-B92D-2CA5E6C0018B}"
EndProject
Project("{FAE04EC0-301F-11D3-BF4B-00C04F79EFBC}") = "West", "West\West.csproj", "{4C0402DF-B6EE-407C-8EC7-282C1679521E}"
EndProject
Global
	GlobalSection(SolutionConfigurationPlatforms) = preSolution
		Debug|Any CPU = Debug|Any CPU
		Release|Any CPU = Release|Any CPU
		Debug|iPhoneSimulator = Debug|iPhoneSimulator
		Release|iPhoneSimulator = Release|iPhoneSimulator
		Debug|iPhone = Debug|iPhone
		Release|iPhone = Release|iPhone
		Ad-Hoc|iPhone = Ad-Hoc|iPhone
		AppStore|iPhone = AppStore|iPhone
	EndGlobalSection
	GlobalSection(ProjectConfigurationPlatforms) = postSolution
		{68579B94-4B9F-4AD8-A37B-F062856D11F8}.Debug|Any CPU.ActiveCfg = Debug|Any CPU
		{68579B94-4B9F-4AD8-A37B-F062856D11F8}.Debug|Any CPU.Build.0 = Debug|Any CPU
		{68579B94-4B9F-4AD8-A37B-F062856D11F8}.Release|Any CPU.ActiveCfg = Release|Any CPU
		{68579B94-4B9F-4AD8-A37B-F062856D11F8}.Release|Any CPU.Build.0 = Release|Any CPU
		{68579B94-4B9F-4AD8-A37B-F062856D11F8}.Debug|iPhoneSimulator.ActiveCfg = Debug|Any CPU
		{68579B94-4B9F-4AD8-A37B-F062856D11F8}.Debug|iPhoneSimulator.Build.0 = Debug|Any CPU
		{68579B94-4B9F-4AD8-A37B-F062856D11F8}.Release|iPhoneSimulator.ActiveCfg = Release|Any CPU
		{68579B94-4B9F-4AD8-A37B-F062856D11F8}.Release|iPhoneSimulator.Build.0 = Release|Any CPU
		{68579B94-4B9F-4AD8-A37B-F062856D11F8}.Debug|iPhone.ActiveCfg = Debug|Any CPU
		{68579B94-4B9F-4AD8-A37B-F062856D11F8}.Debug|iPhone.Build.0 = Debug|Any CPU
		{68579B94-4B9F-4AD8-A37B-F062856D11F8}.Release|iPhone.ActiveCfg = Release|Any CPU
		{68579B94-4B9F-4AD8-A37B-F062856D11F8}.Release|iPhone.Build.0 = Release|Any CPU
		{68579B94-4B9F-4AD8-A37B-F062856D11F8}.Ad-Hoc|iPhone.ActiveCfg = Debug|Any CPU
		{68579B94-4B9F-4AD8-A37B-F062856D11F8}.Ad-Hoc|iPhone.Build.0 = Debug|Any CPU
		{68579B94-4B9F-4AD8-A37B-F062856D11F8}.AppStore|iPhone.ActiveCfg = Debug|Any CPU
		{68579B94-4B9F-4AD8-A37B-F062856D11F8}.AppStore|iPhone.Build.0 = Debug|Any CPU
		{EF2BDC2E-DB1D-4C01-B92D-2CA5E6C0018B}.Debug|Any CPU.ActiveCfg = Debug|iPhoneSimulator
		{EF2BDC2E-DB1D-4C01-B92D-2CA5E6C0018B}.Debug|Any CPU.Build.0 = Debug|iPhoneSimulator
		{EF2BDC2E-DB1D-4C01-B92D-2CA5E6C0018B}.Release|Any CPU.ActiveCfg = Release|iPhoneSimulator
		{EF2BDC2E-DB1D-4C01-B92D-2CA5E6C0018B}.Release|Any CPU.Build.0 = Release|iPhoneSimulator
		{EF2BDC2E-DB1D-4C01-B92D-2CA5E6C0018B}.Debug|iPhoneSimulator.ActiveCfg = Debug|iPhoneSimulator
		{EF2BDC2E-DB1D-4C01-B92D-2CA5E6C0018B}.Debug|iPhoneSimulator.Build.0 = Debug|iPhoneSimulator
		{EF2BDC2E-DB1D-4C01-B92D-2CA5E6C0018B}.Release|iPhoneSimulator.ActiveCfg = Release|iPhoneSimulator
		{EF2BDC2E-DB1D-4C01-B92D-2CA5E6C0018B}.Release|iPhoneSimulator.Build.0 = Release|iPhoneSimulator
		{EF2BDC2E-DB1D-4C01-B92D-2CA5E6C0018B}.Debug|iPhone.ActiveCfg = Debug|iPhone
		{EF2BDC2E-DB1D-4C01-B92D-2CA5E6C0018B}.Debug|iPhone.Build.0 = Debug|iPhone
		{EF2BDC2E-DB1D-4C01-B92D-2CA5E6C0018B}.Release|iPhone.ActiveCfg = Release|iPhone
		{EF2BDC2E-DB1D-4C01-B92D-2CA5E6C0018B}.Release|iPhone.Build.0 = Release|iPhone
		{EF2BDC2E-DB1D-4C01-B92D-2CA5E6C0018B}.Ad-Hoc|iPhone.ActiveCfg = Ad-Hoc|iPhone
		{EF2BDC2E-DB1D-4C01-B92D-2CA5E6C0018B}.Ad-Hoc|iPhone.Build.0 = Ad-Hoc|iPhone
		{EF2BDC2E-DB1D-4C01-B92D-2CA5E6C0018B}.AppStore|iPhone.ActiveCfg = AppStore|iPhone
		{EF2BDC2E-DB1D-4C01-B92D-2CA5E6C0018B}.AppStore|iPhone.Build.0 = AppStore|iPhone
		{4C0402DF-B6EE-407C-8EC7-282C1679521E}.Debug|Any CPU.ActiveCfg = Debug|Any CPU
		{4C0402DF-B6EE-407C-8EC7-282C1679521E}.Debug|Any CPU.Build.0 = Debug|Any CPU
		{4C0402DF-B6EE-407C-8EC7-282C1679521E}.Release|Any CPU.ActiveCfg = Release|Any CPU
		{4C0402DF-B6EE-407C-8EC7-282C1679521E}.Release|Any CPU.Build.0 = Release|Any CPU
		{4C0402DF-B6EE-407C-8EC7-282C1679521E}.Debug|iPhoneSimulator.ActiveCfg = Debug|Any CPU
		{4C0402DF-B6EE-407C-8EC7-282C1679521E}.Debug|iPhoneSimulator.Build.0 = Debug|Any CPU
		{4C0402DF-B6EE-407C-8EC7-282C1679521E}.Release|iPhoneSimulator.ActiveCfg = Release|Any CPU
		{4C0402DF-B6EE-407C-8EC7-282C1679521E}.Release|iPhoneSimulator.Build.0 = Release|Any CPU
		{4C0402DF-B6EE-407C-8EC7-282C1679521E}.Debug|iPhone.ActiveCfg = Debug|Any CPU
		{4C0402DF-B6EE-407C-8EC7-282C1679521E}.Debug|iPhone.Build.0 = Debug|Any CPU
		{4C0402DF-B6EE-407C-8EC7-282C1679521E}.Release|iPhone.ActiveCfg = Release|Any CPU
		{4C0402DF-B6EE-407C-8EC7-282C1679521E}.Release|iPhone.Build.0 = Release|Any CPU
		{4C0402DF-B6EE-407C-8EC7-282C1679521E}.Ad-Hoc|iPhone.ActiveCfg = Debug|Any CPU
		{4C0402DF-B6EE-407C-8EC7-282C1679521E}.Ad-Hoc|iPhone.Build.0 = Debug|Any CPU
		{4C0402DF-B6EE-407C-8EC7-282C1679521E}.AppStore|iPhone.ActiveCfg = Debug|Any CPU
		{4C0402DF-B6EE-407C-8EC7-282C1679521E}.AppStore|iPhone.Build.0 = Debug|Any CPU
	EndGlobalSection
EndGlobal
